// !$*UTF8*$!
{
	archiveVersion = 1;
	classes = {
	};
	objectVersion = 55;
	objects = {

/* Begin PBXBuildFile section */
		E20D42A32712F63200B38178 /* SpeechController.m in Sources */ = {isa = PBXBuildFile; fileRef = E20D42A22712F63200B38178 /* SpeechController.m */; };
		E20D42AA2712F85F00B38178 /* MidiController.m in Sources */ = {isa = PBXBuildFile; fileRef = E20D42A92712F85F00B38178 /* MidiController.m */; };
		E22C09DD2712C5510015CC26 /* TGSineWaveToneGenerator.m in Sources */ = {isa = PBXBuildFile; fileRef = E22C09DC2712C5510015CC26 /* TGSineWaveToneGenerator.m */; };
		E22C09DF2712C7370015CC26 /* ToneGenerator.m in Sources */ = {isa = PBXBuildFile; fileRef = E22C09DE2712C7370015CC26 /* ToneGenerator.m */; };
		E22C09E22712D8180015CC26 /* Settings.bundle in Resources */ = {isa = PBXBuildFile; fileRef = E22C09E12712D8180015CC26 /* Settings.bundle */; };
		E2756CE52711A65F00557267 /* MIKMIDI.framework in Frameworks */ = {isa = PBXBuildFile; fileRef = E2756CE12711A63F00557267 /* MIKMIDI.framework */; };
		E2756CE62711A65F00557267 /* MIKMIDI.framework in Embed Frameworks */ = {isa = PBXBuildFile; fileRef = E2756CE12711A63F00557267 /* MIKMIDI.framework */; settings = {ATTRIBUTES = (CodeSignOnCopy, RemoveHeadersOnCopy, ); }; };
		E2E55578270C643D007FBBC2 /* AppDelegate.m in Sources */ = {isa = PBXBuildFile; fileRef = E2E55577270C643D007FBBC2 /* AppDelegate.m */; };
		E2E5557B270C643D007FBBC2 /* SceneDelegate.m in Sources */ = {isa = PBXBuildFile; fileRef = E2E5557A270C643D007FBBC2 /* SceneDelegate.m */; };
		E2E5557E270C643D007FBBC2 /* ViewController.m in Sources */ = {isa = PBXBuildFile; fileRef = E2E5557D270C643D007FBBC2 /* ViewController.m */; };
		E2E55581270C643D007FBBC2 /* Main.storyboard in Resources */ = {isa = PBXBuildFile; fileRef = E2E5557F270C643D007FBBC2 /* Main.storyboard */; };
		E2E55583270C6440007FBBC2 /* Assets.xcassets in Resources */ = {isa = PBXBuildFile; fileRef = E2E55582270C6440007FBBC2 /* Assets.xcassets */; };
		E2E55586270C6440007FBBC2 /* LaunchScreen.storyboard in Resources */ = {isa = PBXBuildFile; fileRef = E2E55584270C6440007FBBC2 /* LaunchScreen.storyboard */; };
		E2E55589270C6440007FBBC2 /* main.m in Sources */ = {isa = PBXBuildFile; fileRef = E2E55588270C6440007FBBC2 /* main.m */; };
		E2E55595270C64D8007FBBC2 /* CompletionGenerator.m in Sources */ = {isa = PBXBuildFile; fileRef = E2E55590270C64D7007FBBC2 /* CompletionGenerator.m */; };
		E2E55596270C64D8007FBBC2 /* PredictionTypingMachine.m in Sources */ = {isa = PBXBuildFile; fileRef = E2E55592270C64D7007FBBC2 /* PredictionTypingMachine.m */; };
		E2E55597270C64D8007FBBC2 /* WordsAccumulator.m in Sources */ = {isa = PBXBuildFile; fileRef = E2E55594270C64D8007FBBC2 /* WordsAccumulator.m */; };
		E2E5559A270C6544007FBBC2 /* DBConnection.m in Sources */ = {isa = PBXBuildFile; fileRef = E2E55598270C6544007FBBC2 /* DBConnection.m */; };
		E2E5559F270C70A0007FBBC2 /* words.db in Resources */ = {isa = PBXBuildFile; fileRef = E2E5559C270C658B007FBBC2 /* words.db */; };
/* End PBXBuildFile section */

/* Begin PBXContainerItemProxy section */
		E2756CDE2711A63F00557267 /* PBXContainerItemProxy */ = {
			isa = PBXContainerItemProxy;
			containerPortal = E2756CD72711A63F00557267 /* MIKMIDI.xcodeproj */;
			proxyType = 2;
			remoteGlobalIDString = 9D74EEA517A7129300BEE89F;
			remoteInfo = MIKMIDI;
		};
		E2756CE02711A63F00557267 /* PBXContainerItemProxy */ = {
			isa = PBXContainerItemProxy;
			containerPortal = E2756CD72711A63F00557267 /* MIKMIDI.xcodeproj */;
			proxyType = 2;
			remoteGlobalIDString = 9DAF8B061A7AFF1100F46528;
			remoteInfo = "MIKMIDI-iOS";
		};
		E2756CE22711A63F00557267 /* PBXContainerItemProxy */ = {
			isa = PBXContainerItemProxy;
			containerPortal = E2756CD72711A63F00557267 /* MIKMIDI.xcodeproj */;
			proxyType = 2;
			remoteGlobalIDString = 9D4DF13A1AAB57430065F004;
			remoteInfo = "MIKMIDI Tests";
		};
/* End PBXContainerItemProxy section */

/* Begin PBXCopyFilesBuildPhase section */
		E2756CE72711A65F00557267 /* Embed Frameworks */ = {
			isa = PBXCopyFilesBuildPhase;
			buildActionMask = 2147483647;
			dstPath = "";
			dstSubfolderSpec = 10;
			files = (
				E2756CE62711A65F00557267 /* MIKMIDI.framework in Embed Frameworks */,
			);
			name = "Embed Frameworks";
			runOnlyForDeploymentPostprocessing = 0;
		};
/* End PBXCopyFilesBuildPhase section */

/* Begin PBXFileReference section */
		E20D42A22712F63200B38178 /* SpeechController.m */ = {isa = PBXFileReference; lastKnownFileType = sourcecode.c.objc; path = SpeechController.m; sourceTree = "<group>"; };
		E20D42A82712F64400B38178 /* SpeechController.h */ = {isa = PBXFileReference; lastKnownFileType = sourcecode.c.h; path = SpeechController.h; sourceTree = "<group>"; };
		E20D42A92712F85F00B38178 /* MidiController.m */ = {isa = PBXFileReference; lastKnownFileType = sourcecode.c.objc; path = MidiController.m; sourceTree = "<group>"; };
		E20D42AB2712F87000B38178 /* MidiController.h */ = {isa = PBXFileReference; lastKnownFileType = sourcecode.c.h; path = MidiController.h; sourceTree = "<group>"; };
		E22C09D72712C5500015CC26 /* TGSineWaveToneGenerator.h */ = {isa = PBXFileReference; fileEncoding = 4; lastKnownFileType = sourcecode.c.h; path = TGSineWaveToneGenerator.h; sourceTree = "<group>"; };
		E22C09DC2712C5510015CC26 /* TGSineWaveToneGenerator.m */ = {isa = PBXFileReference; fileEncoding = 4; lastKnownFileType = sourcecode.c.objc; path = TGSineWaveToneGenerator.m; sourceTree = "<group>"; };
		E22C09DE2712C7370015CC26 /* ToneGenerator.m */ = {isa = PBXFileReference; lastKnownFileType = sourcecode.c.objc; path = ToneGenerator.m; sourceTree = "<group>"; };
		E22C09E02712C74F0015CC26 /* ToneGenerator.h */ = {isa = PBXFileReference; lastKnownFileType = sourcecode.c.h; path = ToneGenerator.h; sourceTree = "<group>"; };
		E22C09E12712D8180015CC26 /* Settings.bundle */ = {isa = PBXFileReference; lastKnownFileType = "wrapper.plug-in"; path = Settings.bundle; sourceTree = "<group>"; };
		E2756CD6271193D800557267 /* Todo.rtf */ = {isa = PBXFileReference; lastKnownFileType = text.rtf; path = Todo.rtf; sourceTree = "<group>"; };
		E2756CD72711A63F00557267 /* MIKMIDI.xcodeproj */ = {isa = PBXFileReference; lastKnownFileType = "wrapper.pb-project"; name = MIKMIDI.xcodeproj; path = ../../MIKMIDI/Framework/MIKMIDI.xcodeproj; sourceTree = "<group>"; };
		E2E55573270C643D007FBBC2 /* EliKeysC2.app */ = {isa = PBXFileReference; explicitFileType = wrapper.application; includeInIndex = 0; path = EliKeysC2.app; sourceTree = BUILT_PRODUCTS_DIR; };
		E2E55576270C643D007FBBC2 /* AppDelegate.h */ = {isa = PBXFileReference; lastKnownFileType = sourcecode.c.h; path = AppDelegate.h; sourceTree = "<group>"; };
		E2E55577270C643D007FBBC2 /* AppDelegate.m */ = {isa = PBXFileReference; lastKnownFileType = sourcecode.c.objc; path = AppDelegate.m; sourceTree = "<group>"; };
		E2E55579270C643D007FBBC2 /* SceneDelegate.h */ = {isa = PBXFileReference; lastKnownFileType = sourcecode.c.h; path = SceneDelegate.h; sourceTree = "<group>"; };
		E2E5557A270C643D007FBBC2 /* SceneDelegate.m */ = {isa = PBXFileReference; lastKnownFileType = sourcecode.c.objc; path = SceneDelegate.m; sourceTree = "<group>"; };
		E2E5557C270C643D007FBBC2 /* ViewController.h */ = {isa = PBXFileReference; lastKnownFileType = sourcecode.c.h; path = ViewController.h; sourceTree = "<group>"; };
		E2E5557D270C643D007FBBC2 /* ViewController.m */ = {isa = PBXFileReference; lastKnownFileType = sourcecode.c.objc; path = ViewController.m; sourceTree = "<group>"; };
		E2E55580270C643D007FBBC2 /* Base */ = {isa = PBXFileReference; lastKnownFileType = file.storyboard; name = Base; path = Base.lproj/Main.storyboard; sourceTree = "<group>"; };
		E2E55582270C6440007FBBC2 /* Assets.xcassets */ = {isa = PBXFileReference; lastKnownFileType = folder.assetcatalog; path = Assets.xcassets; sourceTree = "<group>"; };
		E2E55585270C6440007FBBC2 /* Base */ = {isa = PBXFileReference; lastKnownFileType = file.storyboard; name = Base; path = Base.lproj/LaunchScreen.storyboard; sourceTree = "<group>"; };
		E2E55587270C6440007FBBC2 /* Info.plist */ = {isa = PBXFileReference; lastKnownFileType = text.plist.xml; path = Info.plist; sourceTree = "<group>"; };
		E2E55588270C6440007FBBC2 /* main.m */ = {isa = PBXFileReference; lastKnownFileType = sourcecode.c.objc; path = main.m; sourceTree = "<group>"; };
		E2E5558F270C64D7007FBBC2 /* PredictionTypingMachine.h */ = {isa = PBXFileReference; fileEncoding = 4; lastKnownFileType = sourcecode.c.h; path = PredictionTypingMachine.h; sourceTree = "<group>"; };
		E2E55590270C64D7007FBBC2 /* CompletionGenerator.m */ = {isa = PBXFileReference; fileEncoding = 4; lastKnownFileType = sourcecode.c.objc; path = CompletionGenerator.m; sourceTree = "<group>"; };
		E2E55591270C64D7007FBBC2 /* CompletionGenerator.h */ = {isa = PBXFileReference; fileEncoding = 4; lastKnownFileType = sourcecode.c.h; path = CompletionGenerator.h; sourceTree = "<group>"; };
		E2E55592270C64D7007FBBC2 /* PredictionTypingMachine.m */ = {isa = PBXFileReference; fileEncoding = 4; lastKnownFileType = sourcecode.c.objc; path = PredictionTypingMachine.m; sourceTree = "<group>"; };
		E2E55593270C64D7007FBBC2 /* WordsAccumulator.h */ = {isa = PBXFileReference; fileEncoding = 4; lastKnownFileType = sourcecode.c.h; path = WordsAccumulator.h; sourceTree = "<group>"; };
		E2E55594270C64D8007FBBC2 /* WordsAccumulator.m */ = {isa = PBXFileReference; fileEncoding = 4; lastKnownFileType = sourcecode.c.objc; path = WordsAccumulator.m; sourceTree = "<group>"; };
		E2E55598270C6544007FBBC2 /* DBConnection.m */ = {isa = PBXFileReference; fileEncoding = 4; lastKnownFileType = sourcecode.c.objc; name = DBConnection.m; path = ../../EliKeysC1/DBConnection.m; sourceTree = "<group>"; };
		E2E55599270C6544007FBBC2 /* DBConnection.h */ = {isa = PBXFileReference; fileEncoding = 4; lastKnownFileType = sourcecode.c.h; name = DBConnection.h; path = ../../EliKeysC1/DBConnection.h; sourceTree = "<group>"; };
		E2E5559C270C658B007FBBC2 /* words.db */ = {isa = PBXFileReference; lastKnownFileType = file; name = words.db; path = ../../../EliKeysC1/Resources/words.db; sourceTree = "<group>"; };
/* End PBXFileReference section */

/* Begin PBXFrameworksBuildPhase section */
		E2E55570270C643D007FBBC2 /* Frameworks */ = {
			isa = PBXFrameworksBuildPhase;
			buildActionMask = 2147483647;
			files = (
				E2756CE52711A65F00557267 /* MIKMIDI.framework in Frameworks */,
			);
			runOnlyForDeploymentPostprocessing = 0;
		};
/* End PBXFrameworksBuildPhase section */

/* Begin PBXGroup section */
		E2756CD82711A63F00557267 /* Products */ = {
			isa = PBXGroup;
			children = (
				E2756CDF2711A63F00557267 /* MIKMIDI.framework */,
				E2756CE12711A63F00557267 /* MIKMIDI.framework */,
				E2756CE32711A63F00557267 /* MIKMIDI Tests.xctest */,
			);
			name = Products;
			sourceTree = "<group>";
		};
		E2756CE42711A65F00557267 /* Frameworks */ = {
			isa = PBXGroup;
			children = (
			);
			name = Frameworks;
			sourceTree = "<group>";
		};
		E2E5556A270C643D007FBBC2 = {
			isa = PBXGroup;
			children = (
				E2756CD72711A63F00557267 /* MIKMIDI.xcodeproj */,
				E2E55575270C643D007FBBC2 /* EliKeysC2 */,
				E2E55574270C643D007FBBC2 /* Products */,
				E2756CE42711A65F00557267 /* Frameworks */,
			);
			sourceTree = "<group>";
		};
		E2E55574270C643D007FBBC2 /* Products */ = {
			isa = PBXGroup;
			children = (
				E2E55573270C643D007FBBC2 /* EliKeysC2.app */,
			);
			name = Products;
			sourceTree = "<group>";
		};
		E2E55575270C643D007FBBC2 /* EliKeysC2 */ = {
			isa = PBXGroup;
			children = (
				E2E5559B270C6578007FBBC2 /* Resources */,
				E2E55599270C6544007FBBC2 /* DBConnection.h */,
				E2E55598270C6544007FBBC2 /* DBConnection.m */,
				E2E55591270C64D7007FBBC2 /* CompletionGenerator.h */,
				E2E55590270C64D7007FBBC2 /* CompletionGenerator.m */,
				E2E5558F270C64D7007FBBC2 /* PredictionTypingMachine.h */,
				E2E55592270C64D7007FBBC2 /* PredictionTypingMachine.m */,
				E2E55593270C64D7007FBBC2 /* WordsAccumulator.h */,
				E2E55594270C64D8007FBBC2 /* WordsAccumulator.m */,
				E2E55576270C643D007FBBC2 /* AppDelegate.h */,
				E2E55577270C643D007FBBC2 /* AppDelegate.m */,
				E2E55579270C643D007FBBC2 /* SceneDelegate.h */,
				E2E5557A270C643D007FBBC2 /* SceneDelegate.m */,
				E2E5557C270C643D007FBBC2 /* ViewController.h */,
				E2E5557D270C643D007FBBC2 /* ViewController.m */,
				E20D42A22712F63200B38178 /* SpeechController.m */,
				E20D42A82712F64400B38178 /* SpeechController.h */,
				E20D42A92712F85F00B38178 /* MidiController.m */,
				E20D42AB2712F87000B38178 /* MidiController.h */,
				E2E5557F270C643D007FBBC2 /* Main.storyboard */,
				E2E55582270C6440007FBBC2 /* Assets.xcassets */,
				E2E55584270C6440007FBBC2 /* LaunchScreen.storyboard */,
				E2E55587270C6440007FBBC2 /* Info.plist */,
				E2E55588270C6440007FBBC2 /* main.m */,
				E2756CD6271193D800557267 /* Todo.rtf */,
				E22C09DE2712C7370015CC26 /* ToneGenerator.m */,
				E22C09E02712C74F0015CC26 /* ToneGenerator.h */,
				E22C09D72712C5500015CC26 /* TGSineWaveToneGenerator.h */,
				E22C09DC2712C5510015CC26 /* TGSineWaveToneGenerator.m */,
				E22C09E12712D8180015CC26 /* Settings.bundle */,
			);
			path = EliKeysC2;
			sourceTree = "<group>";
		};
		E2E5559B270C6578007FBBC2 /* Resources */ = {
			isa = PBXGroup;
			children = (
				E2E5559C270C658B007FBBC2 /* words.db */,
			);
			path = Resources;
			sourceTree = "<group>";
		};
/* End PBXGroup section */

/* Begin PBXNativeTarget section */
		E2E55572270C643D007FBBC2 /* EliKeysC2 */ = {
			isa = PBXNativeTarget;
			buildConfigurationList = E2E5558C270C6440007FBBC2 /* Build configuration list for PBXNativeTarget "EliKeysC2" */;
			buildPhases = (
				E2E5556F270C643D007FBBC2 /* Sources */,
				E2E55570270C643D007FBBC2 /* Frameworks */,
				E2E55571270C643D007FBBC2 /* Resources */,
				E2756CE72711A65F00557267 /* Embed Frameworks */,
			);
			buildRules = (
			);
			dependencies = (
			);
			name = EliKeysC2;
			productName = EliKeysC2;
			productReference = E2E55573270C643D007FBBC2 /* EliKeysC2.app */;
			productType = "com.apple.product-type.application";
		};
/* End PBXNativeTarget section */

/* Begin PBXProject section */
		E2E5556B270C643D007FBBC2 /* Project object */ = {
			isa = PBXProject;
			attributes = {
				BuildIndependentTargetsInParallel = 1;
				LastUpgradeCheck = 1300;
				TargetAttributes = {
					E2E55572270C643D007FBBC2 = {
						CreatedOnToolsVersion = 13.0;
					};
				};
			};
			buildConfigurationList = E2E5556E270C643D007FBBC2 /* Build configuration list for PBXProject "EliKeysC2" */;
			compatibilityVersion = "Xcode 13.0";
			developmentRegion = en;
			hasScannedForEncodings = 0;
			knownRegions = (
				en,
				Base,
			);
			mainGroup = E2E5556A270C643D007FBBC2;
			productRefGroup = E2E55574270C643D007FBBC2 /* Products */;
			projectDirPath = "";
			projectReferences = (
				{
					ProductGroup = E2756CD82711A63F00557267 /* Products */;
					ProjectRef = E2756CD72711A63F00557267 /* MIKMIDI.xcodeproj */;
				},
			);
			projectRoot = "";
			targets = (
				E2E55572270C643D007FBBC2 /* EliKeysC2 */,
			);
		};
/* End PBXProject section */

/* Begin PBXReferenceProxy section */
		E2756CDF2711A63F00557267 /* MIKMIDI.framework */ = {
			isa = PBXReferenceProxy;
			fileType = wrapper.framework;
			path = MIKMIDI.framework;
			remoteRef = E2756CDE2711A63F00557267 /* PBXContainerItemProxy */;
			sourceTree = BUILT_PRODUCTS_DIR;
		};
		E2756CE12711A63F00557267 /* MIKMIDI.framework */ = {
			isa = PBXReferenceProxy;
			fileType = wrapper.framework;
			path = MIKMIDI.framework;
			remoteRef = E2756CE02711A63F00557267 /* PBXContainerItemProxy */;
			sourceTree = BUILT_PRODUCTS_DIR;
		};
		E2756CE32711A63F00557267 /* MIKMIDI Tests.xctest */ = {
			isa = PBXReferenceProxy;
			fileType = wrapper.cfbundle;
			path = "MIKMIDI Tests.xctest";
			remoteRef = E2756CE22711A63F00557267 /* PBXContainerItemProxy */;
			sourceTree = BUILT_PRODUCTS_DIR;
		};
/* End PBXReferenceProxy section */

/* Begin PBXResourcesBuildPhase section */
		E2E55571270C643D007FBBC2 /* Resources */ = {
			isa = PBXResourcesBuildPhase;
			buildActionMask = 2147483647;
			files = (
				E2E55586270C6440007FBBC2 /* LaunchScreen.storyboard in Resources */,
				E2E55583270C6440007FBBC2 /* Assets.xcassets in Resources */,
				E22C09E22712D8180015CC26 /* Settings.bundle in Resources */,
				E2E55581270C643D007FBBC2 /* Main.storyboard in Resources */,
				E2E5559F270C70A0007FBBC2 /* words.db in Resources */,
			);
			runOnlyForDeploymentPostprocessing = 0;
		};
/* End PBXResourcesBuildPhase section */

/* Begin PBXSourcesBuildPhase section */
		E2E5556F270C643D007FBBC2 /* Sources */ = {
			isa = PBXSourcesBuildPhase;
			buildActionMask = 2147483647;
			files = (
				E2E5557E270C643D007FBBC2 /* ViewController.m in Sources */,
				E22C09DF2712C7370015CC26 /* ToneGenerator.m in Sources */,
				E22C09DD2712C5510015CC26 /* TGSineWaveToneGenerator.m in Sources */,
				E2E55578270C643D007FBBC2 /* AppDelegate.m in Sources */,
				E2E55597270C64D8007FBBC2 /* WordsAccumulator.m in Sources */,
				E2E55595270C64D8007FBBC2 /* CompletionGenerator.m in Sources */,
				E2E55589270C6440007FBBC2 /* main.m in Sources */,
				E2E5557B270C643D007FBBC2 /* SceneDelegate.m in Sources */,
				E2E55596270C64D8007FBBC2 /* PredictionTypingMachine.m in Sources */,
				E2E5559A270C6544007FBBC2 /* DBConnection.m in Sources */,
				E20D42AA2712F85F00B38178 /* MidiController.m in Sources */,
				E20D42A32712F63200B38178 /* SpeechController.m in Sources */,
			);
			runOnlyForDeploymentPostprocessing = 0;
		};
/* End PBXSourcesBuildPhase section */

/* Begin PBXVariantGroup section */
		E2E5557F270C643D007FBBC2 /* Main.storyboard */ = {
			isa = PBXVariantGroup;
			children = (
				E2E55580270C643D007FBBC2 /* Base */,
			);
			name = Main.storyboard;
			sourceTree = "<group>";
		};
		E2E55584270C6440007FBBC2 /* LaunchScreen.storyboard */ = {
			isa = PBXVariantGroup;
			children = (
				E2E55585270C6440007FBBC2 /* Base */,
			);
			name = LaunchScreen.storyboard;
			sourceTree = "<group>";
		};
/* End PBXVariantGroup section */

/* Begin XCBuildConfiguration section */
		E2E5558A270C6440007FBBC2 /* Debug */ = {
			isa = XCBuildConfiguration;
			buildSettings = {
				ALWAYS_SEARCH_USER_PATHS = NO;
				CLANG_ANALYZER_NONNULL = YES;
				CLANG_ANALYZER_NUMBER_OBJECT_CONVERSION = YES_AGGRESSIVE;
				CLANG_CXX_LANGUAGE_STANDARD = "gnu++17";
				CLANG_CXX_LIBRARY = "libc++";
				CLANG_ENABLE_MODULES = YES;
				CLANG_ENABLE_OBJC_ARC = YES;
				CLANG_ENABLE_OBJC_WEAK = YES;
				CLANG_WARN_BLOCK_CAPTURE_AUTORELEASING = YES;
				CLANG_WARN_BOOL_CONVERSION = YES;
				CLANG_WARN_COMMA = YES;
				CLANG_WARN_CONSTANT_CONVERSION = YES;
				CLANG_WARN_DEPRECATED_OBJC_IMPLEMENTATIONS = YES;
				CLANG_WARN_DIRECT_OBJC_ISA_USAGE = YES_ERROR;
				CLANG_WARN_DOCUMENTATION_COMMENTS = YES;
				CLANG_WARN_EMPTY_BODY = YES;
				CLANG_WARN_ENUM_CONVERSION = YES;
				CLANG_WARN_INFINITE_RECURSION = YES;
				CLANG_WARN_INT_CONVERSION = YES;
				CLANG_WARN_NON_LITERAL_NULL_CONVERSION = YES;
				CLANG_WARN_OBJC_IMPLICIT_RETAIN_SELF = YES;
				CLANG_WARN_OBJC_LITERAL_CONVERSION = YES;
				CLANG_WARN_OBJC_ROOT_CLASS = YES_ERROR;
				CLANG_WARN_QUOTED_INCLUDE_IN_FRAMEWORK_HEADER = YES;
				CLANG_WARN_RANGE_LOOP_ANALYSIS = YES;
				CLANG_WARN_STRICT_PROTOTYPES = YES;
				CLANG_WARN_SUSPICIOUS_MOVE = YES;
				CLANG_WARN_UNGUARDED_AVAILABILITY = YES_AGGRESSIVE;
				CLANG_WARN_UNREACHABLE_CODE = YES;
				CLANG_WARN__DUPLICATE_METHOD_MATCH = YES;
				COPY_PHASE_STRIP = NO;
				DEBUG_INFORMATION_FORMAT = dwarf;
				ENABLE_STRICT_OBJC_MSGSEND = YES;
				ENABLE_TESTABILITY = YES;
				GCC_C_LANGUAGE_STANDARD = gnu11;
				GCC_DYNAMIC_NO_PIC = NO;
				GCC_NO_COMMON_BLOCKS = YES;
				GCC_OPTIMIZATION_LEVEL = 0;
				GCC_PREPROCESSOR_DEFINITIONS = (
					"DEBUG=1",
					"$(inherited)",
				);
				GCC_WARN_64_TO_32_BIT_CONVERSION = YES;
				GCC_WARN_ABOUT_RETURN_TYPE = YES_ERROR;
				GCC_WARN_UNDECLARED_SELECTOR = YES;
				GCC_WARN_UNINITIALIZED_AUTOS = YES_AGGRESSIVE;
				GCC_WARN_UNUSED_FUNCTION = YES;
				GCC_WARN_UNUSED_VARIABLE = YES;
				IPHONEOS_DEPLOYMENT_TARGET = 14.0;
				MTL_ENABLE_DEBUG_INFO = INCLUDE_SOURCE;
				MTL_FAST_MATH = YES;
				ONLY_ACTIVE_ARCH = YES;
				SDKROOT = iphoneos;
			};
			name = Debug;
		};
		E2E5558B270C6440007FBBC2 /* Release */ = {
			isa = XCBuildConfiguration;
			buildSettings = {
				ALWAYS_SEARCH_USER_PATHS = NO;
				CLANG_ANALYZER_NONNULL = YES;
				CLANG_ANALYZER_NUMBER_OBJECT_CONVERSION = YES_AGGRESSIVE;
				CLANG_CXX_LANGUAGE_STANDARD = "gnu++17";
				CLANG_CXX_LIBRARY = "libc++";
				CLANG_ENABLE_MODULES = YES;
				CLANG_ENABLE_OBJC_ARC = YES;
				CLANG_ENABLE_OBJC_WEAK = YES;
				CLANG_WARN_BLOCK_CAPTURE_AUTORELEASING = YES;
				CLANG_WARN_BOOL_CONVERSION = YES;
				CLANG_WARN_COMMA = YES;
				CLANG_WARN_CONSTANT_CONVERSION = YES;
				CLANG_WARN_DEPRECATED_OBJC_IMPLEMENTATIONS = YES;
				CLANG_WARN_DIRECT_OBJC_ISA_USAGE = YES_ERROR;
				CLANG_WARN_DOCUMENTATION_COMMENTS = YES;
				CLANG_WARN_EMPTY_BODY = YES;
				CLANG_WARN_ENUM_CONVERSION = YES;
				CLANG_WARN_INFINITE_RECURSION = YES;
				CLANG_WARN_INT_CONVERSION = YES;
				CLANG_WARN_NON_LITERAL_NULL_CONVERSION = YES;
				CLANG_WARN_OBJC_IMPLICIT_RETAIN_SELF = YES;
				CLANG_WARN_OBJC_LITERAL_CONVERSION = YES;
				CLANG_WARN_OBJC_ROOT_CLASS = YES_ERROR;
				CLANG_WARN_QUOTED_INCLUDE_IN_FRAMEWORK_HEADER = YES;
				CLANG_WARN_RANGE_LOOP_ANALYSIS = YES;
				CLANG_WARN_STRICT_PROTOTYPES = YES;
				CLANG_WARN_SUSPICIOUS_MOVE = YES;
				CLANG_WARN_UNGUARDED_AVAILABILITY = YES_AGGRESSIVE;
				CLANG_WARN_UNREACHABLE_CODE = YES;
				CLANG_WARN__DUPLICATE_METHOD_MATCH = YES;
				COPY_PHASE_STRIP = NO;
				DEBUG_INFORMATION_FORMAT = "dwarf-with-dsym";
				ENABLE_NS_ASSERTIONS = NO;
				ENABLE_STRICT_OBJC_MSGSEND = YES;
				GCC_C_LANGUAGE_STANDARD = gnu11;
				GCC_NO_COMMON_BLOCKS = YES;
				GCC_WARN_64_TO_32_BIT_CONVERSION = YES;
				GCC_WARN_ABOUT_RETURN_TYPE = YES_ERROR;
				GCC_WARN_UNDECLARED_SELECTOR = YES;
				GCC_WARN_UNINITIALIZED_AUTOS = YES_AGGRESSIVE;
				GCC_WARN_UNUSED_FUNCTION = YES;
				GCC_WARN_UNUSED_VARIABLE = YES;
				IPHONEOS_DEPLOYMENT_TARGET = 14.0;
				MTL_ENABLE_DEBUG_INFO = NO;
				MTL_FAST_MATH = YES;
				SDKROOT = iphoneos;
				VALIDATE_PRODUCT = YES;
			};
			name = Release;
		};
		E2E5558D270C6440007FBBC2 /* Debug */ = {
			isa = XCBuildConfiguration;
			buildSettings = {
				ASSETCATALOG_COMPILER_APPICON_NAME = AppIcon;
				ASSETCATALOG_COMPILER_GLOBAL_ACCENT_COLOR_NAME = AccentColor;
				CODE_SIGN_STYLE = Automatic;
				CURRENT_PROJECT_VERSION = 1;
				DEVELOPMENT_TEAM = 5MBEMM8VZS;
				GENERATE_INFOPLIST_FILE = YES;
				INFOPLIST_FILE = EliKeysC2/Info.plist;
				INFOPLIST_KEY_UIApplicationSupportsIndirectInputEvents = YES;
				INFOPLIST_KEY_UILaunchStoryboardName = LaunchScreen;
				INFOPLIST_KEY_UIMainStoryboardFile = Main;
				INFOPLIST_KEY_UISupportedInterfaceOrientations_iPad = "UIInterfaceOrientationPortrait UIInterfaceOrientationPortraitUpsideDown UIInterfaceOrientationLandscapeLeft UIInterfaceOrientationLandscapeRight";
				INFOPLIST_KEY_UISupportedInterfaceOrientations_iPhone = "UIInterfaceOrientationPortrait UIInterfaceOrientationLandscapeLeft UIInterfaceOrientationLandscapeRight";
				LD_RUNPATH_SEARCH_PATHS = (
					"$(inherited)",
					"@executable_path/Frameworks",
				);
				MARKETING_VERSION = 1.0;
				PRODUCT_BUNDLE_IDENTIFIER = com.dk.EliKeysC2;
				PRODUCT_NAME = "$(TARGET_NAME)";
				SWIFT_EMIT_LOC_STRINGS = YES;
				TARGETED_DEVICE_FAMILY = "1,2";
			};
			name = Debug;
		};
		E2E5558E270C6440007FBBC2 /* Release */ = {
			isa = XCBuildConfiguration;
			buildSettings = {
				ASSETCATALOG_COMPILER_APPICON_NAME = AppIcon;
				ASSETCATALOG_COMPILER_GLOBAL_ACCENT_COLOR_NAME = AccentColor;
				CODE_SIGN_STYLE = Automatic;
				CURRENT_PROJECT_VERSION = 1;
				DEVELOPMENT_TEAM = 5MBEMM8VZS;
				GENERATE_INFOPLIST_FILE = YES;
				INFOPLIST_FILE = EliKeysC2/Info.plist;
				INFOPLIST_KEY_UIApplicationSupportsIndirectInputEvents = YES;
				INFOPLIST_KEY_UILaunchStoryboardName = LaunchScreen;
				INFOPLIST_KEY_UIMainStoryboardFile = Main;
				INFOPLIST_KEY_UISupportedInterfaceOrientations_iPad = "UIInterfaceOrientationPortrait UIInterfaceOrientationPortraitUpsideDown UIInterfaceOrientationLandscapeLeft UIInterfaceOrientationLandscapeRight";
				INFOPLIST_KEY_UISupportedInterfaceOrientations_iPhone = "UIInterfaceOrientationPortrait UIInterfaceOrientationLandscapeLeft UIInterfaceOrientationLandscapeRight";
				LD_RUNPATH_SEARCH_PATHS = (
					"$(inherited)",
					"@executable_path/Frameworks",
				);
				MARKETING_VERSION = 1.0;
				PRODUCT_BUNDLE_IDENTIFIER = com.dk.EliKeysC2;
				PRODUCT_NAME = "$(TARGET_NAME)";
				SWIFT_EMIT_LOC_STRINGS = YES;
				TARGETED_DEVICE_FAMILY = "1,2";
			};
			name = Release;
		};
/* End XCBuildConfiguration section */

/* Begin XCConfigurationList section */
		E2E5556E270C643D007FBBC2 /* Build configuration list for PBXProject "EliKeysC2" */ = {
			isa = XCConfigurationList;
			buildConfigurations = (
				E2E5558A270C6440007FBBC2 /* Debug */,
				E2E5558B270C6440007FBBC2 /* Release */,
			);
			defaultConfigurationIsVisible = 0;
			defaultConfigurationName = Release;
		};
		E2E5558C270C6440007FBBC2 /* Build configuration list for PBXNativeTarget "EliKeysC2" */ = {
			isa = XCConfigurationList;
			buildConfigurations = (
				E2E5558D270C6440007FBBC2 /* Debug */,
				E2E5558E270C6440007FBBC2 /* Release */,
			);
			defaultConfigurationIsVisible = 0;
			defaultConfigurationName = Release;
		};
/* End XCConfigurationList section */
	};
	rootObject = E2E5556B270C643D007FBBC2 /* Project object */;
}
